
Microsoft Visual Studio Solution File, Format Version 12.00
# Visual Studio 15
VisualStudioVersion = 15.0.26730.15
MinimumVisualStudioVersion = 10.0.40219.1
Project("{8BC9CEB8-8B4A-11D0-8D11-00A0C91BC942}") = "Yui", "Yui\Yui.vcxproj", "{9A015059-32E8-4342-B7CD-92B1677F464A}"
EndProject
Project("{2150E333-8FDC-42A3-9474-1A3956D46DE8}") = "Solution Items", "Solution Items", "{035B14D4-1702-4BE6-A78E-831D8D0554C5}"
	ProjectSection(SolutionItems) = preProject
		README.md = README.md
	EndProjectSection
EndProject
Global
	GlobalSection(SolutionConfigurationPlatforms) = preSolution
		Debug|x64 = Debug|x64
		Debug|x86 = Debug|x86
		Release|x64 = Release|x64
		Release|x86 = Release|x86
	EndGlobalSection
	GlobalSection(ProjectConfigurationPlatforms) = postSolution
		{9A015059-32E8-4342-B7CD-92B1677F464A}.Debug|x64.ActiveCfg = Debug|x64
		{9A015059-32E8-4342-B7CD-92B1677F464A}.Debug|x64.Build.0 = Debug|x64
		{9A015059-32E8-4342-B7CD-92B1677F464A}.Debug|x86.ActiveCfg = Debug|Win32
		{9A015059-32E8-4342-B7CD-92B1677F464A}.Debug|x86.Build.0 = Debug|Win32
		{9A015059-32E8-4342-B7CD-92B1677F464A}.Release|x64.ActiveCfg = Release|x64
		{9A015059-32E8-4342-B7CD-92B1677F464A}.Release|x64.Build.0 = Release|x64
		{9A015059-32E8-4342-B7CD-92B1677F464A}.Release|x86.ActiveCfg = Release|Win32
		{9A015059-32E8-4342-B7CD-92B1677F464A}.Release|x86.Build.0 = Release|Win32
	EndGlobalSection
	GlobalSection(SolutionProperties) = preSolution
		HideSolutionNode = FALSE
	EndGlobalSection
	GlobalSection(ExtensibilityGlobals) = postSolution
		SolutionGuid = {A68A1AB4-045B-4D35-8D81-E069D64C4EC4}
	EndGlobalSection
EndGlobal
